// !$*UTF8*$!
{
	archiveVersion = 1;
	classes = {
	};
	objectVersion = 46;
	objects = {

/* Begin PBXBuildFile section */
		92EC4BA21F6B09DE00104451 /* main.m in Sources */ = {isa = PBXBuildFile; fileRef = 92EC4BA11F6B09DE00104451 /* main.m */; };
		92EC4BA51F6B09DE00104451 /* AppDelegate.m in Sources */ = {isa = PBXBuildFile; fileRef = 92EC4BA41F6B09DE00104451 /* AppDelegate.m */; };
		92EC4BA81F6B09DE00104451 /* ViewController.m in Sources */ = {isa = PBXBuildFile; fileRef = 92EC4BA71F6B09DE00104451 /* ViewController.m */; };
		92EC4BAB1F6B09DE00104451 /* Main.storyboard in Resources */ = {isa = PBXBuildFile; fileRef = 92EC4BA91F6B09DE00104451 /* Main.storyboard */; };
		92EC4BAD1F6B09DE00104451 /* Assets.xcassets in Resources */ = {isa = PBXBuildFile; fileRef = 92EC4BAC1F6B09DE00104451 /* Assets.xcassets */; };
		92EC4BB01F6B09DE00104451 /* LaunchScreen.storyboard in Resources */ = {isa = PBXBuildFile; fileRef = 92EC4BAE1F6B09DE00104451 /* LaunchScreen.storyboard */; };
/* End PBXBuildFile section */

/* Begin PBXFileReference section */
		92EC4B9D1F6B09DE00104451 /* TP1.app */ = {isa = PBXFileReference; explicitFileType = wrapper.application; includeInIndex = 0; path = TP1.app; sourceTree = BUILT_PRODUCTS_DIR; };
		92EC4BA11F6B09DE00104451 /* main.m */ = {isa = PBXFileReference; lastKnownFileType = sourcecode.c.objc; path = main.m; sourceTree = "<group>"; };
		92EC4BA31F6B09DE00104451 /* AppDelegate.h */ = {isa = PBXFileReference; lastKnownFileType = sourcecode.c.h; path = AppDelegate.h; sourceTree = "<group>"; };
		92EC4BA41F6B09DE00104451 /* AppDelegate.m */ = {isa = PBXFileReference; lastKnownFileType = sourcecode.c.objc; path = AppDelegate.m; sourceTree = "<group>"; };
		92EC4BA61F6B09DE00104451 /* ViewController.h */ = {isa = PBXFileReference; lastKnownFileType = sourcecode.c.h; path = ViewController.h; sourceTree = "<group>"; };
		92EC4BA71F6B09DE00104451 /* ViewController.m */ = {isa = PBXFileReference; lastKnownFileType = sourcecode.c.objc; path = ViewController.m; sourceTree = "<group>"; };
		92EC4BAA1F6B09DE00104451 /* Base */ = {isa = PBXFileReference; lastKnownFileType = file.storyboard; name = Base; path = Base.lproj/Main.storyboard; sourceTree = "<group>"; };
		92EC4BAC1F6B09DE00104451 /* Assets.xcassets */ = {isa = PBXFileReference; lastKnownFileType = folder.assetcatalog; path = Assets.xcassets; sourceTree = "<group>"; };
		92EC4BAF1F6B09DE00104451 /* Base */ = {isa = PBXFileReference; lastKnownFileType = file.storyboard; name = Base; path = Base.lproj/LaunchScreen.storyboard; sourceTree = "<group>"; };
		92EC4BB11F6B09DE00104451 /* Info.plist */ = {isa = PBXFileReference; lastKnownFileType = text.plist.xml; path = Info.plist; sourceTree = "<group>"; };
/* End PBXFileReference section */

/* Begin PBXFrameworksBuildPhase section */
		92EC4B9A1F6B09DD00104451 /* Frameworks */ = {
			isa = PBXFrameworksBuildPhase;
			buildActionMask = 2147483647;
			files = (
			);
			runOnlyForDeploymentPostprocessing = 0;
		};
/* End PBXFrameworksBuildPhase section */

/* Begin PBXGroup section */
		92EC4B941F6B09DD00104451 = {
			isa = PBXGroup;
			children = (
				92EC4B9F1F6B09DE00104451 /* TP1 */,
				92EC4B9E1F6B09DE00104451 /* Products */,
			);
			sourceTree = "<group>";
		};
		92EC4B9E1F6B09DE00104451 /* Products */ = {
			isa = PBXGroup;
			children = (
				92EC4B9D1F6B09DE00104451 /* TP1.app */,
			);
			name = Products;
			sourceTree = "<group>";
		};
		92EC4B9F1F6B09DE00104451 /* TP1 */ = {
			isa = PBXGroup;
			children = (
				92EC4BA31F6B09DE00104451 /* AppDelegate.h */,
				92EC4BA41F6B09DE00104451 /* AppDelegate.m */,
				92EC4BA61F6B09DE00104451 /* ViewController.h */,
				92EC4BA71F6B09DE00104451 /* ViewController.m */,
				92EC4BA91F6B09DE00104451 /* Main.storyboard */,
				92EC4BAC1F6B09DE00104451 /* Assets.xcassets */,
				92EC4BAE1F6B09DE00104451 /* LaunchScreen.storyboard */,
				92EC4BB11F6B09DE00104451 /* Info.plist */,
				92EC4BA01F6B09DE00104451 /* Supporting Files */,
			);
			path = TP1;
			sourceTree = "<group>";
		};
		92EC4BA01F6B09DE00104451 /* Supporting Files */ = {
			isa = PBXGroup;
			children = (
				92EC4BA11F6B09DE00104451 /* main.m */,
			);
			name = "Supporting Files";
			sourceTree = "<group>";
		};
/* End PBXGroup section */

/* Begin PBXNativeTarget section */
		92EC4B9C1F6B09DD00104451 /* TP1 */ = {
			isa = PBXNativeTarget;
			buildConfigurationList = 92EC4BB41F6B09DE00104451 /* Build configuration list for PBXNativeTarget "TP1" */;
			buildPhases = (
				92EC4B991F6B09DD00104451 /* Sources */,
				92EC4B9A1F6B09DD00104451 /* Frameworks */,
				92EC4B9B1F6B09DD00104451 /* Resources */,
			);
			buildRules = (
			);
			dependencies = (
			);
			name = TP1;
			productName = TP1;
			productReference = 92EC4B9D1F6B09DE00104451 /* TP1.app */;
			productType = "com.apple.product-type.application";
		};
/* End PBXNativeTarget section */

/* Begin PBXProject section */
		92EC4B951F6B09DD00104451 /* Project object */ = {
			isa = PBXProject;
			attributes = {
				LastUpgradeCheck = 0830;
				ORGANIZATIONNAME = "Arker, Filipe";
				TargetAttributes = {
					92EC4B9C1F6B09DD00104451 = {
						CreatedOnToolsVersion = 8.3.3;
						ProvisioningStyle = Automatic;
					};
				};
			};
			buildConfigurationList = 92EC4B981F6B09DD00104451 /* Build configuration list for PBXProject "TP1" */;
			compatibilityVersion = "Xcode 3.2";
			developmentRegion = English;
			hasScannedForEncodings = 0;
			knownRegions = (
				en,
				Base,
			);
			mainGroup = 92EC4B941F6B09DD00104451;
			productRefGroup = 92EC4B9E1F6B09DE00104451 /* Products */;
			projectDirPath = "";
			projectRoot = "";
			targets = (
				92EC4B9C1F6B09DD00104451 /* TP1 */,
			);
		};
/* End PBXProject section */

/* Begin PBXResourcesBuildPhase section */
		92EC4B9B1F6B09DD00104451 /* Resources */ = {
			isa = PBXResourcesBuildPhase;
			buildActionMask = 2147483647;
			files = (
				92EC4BB01F6B09DE00104451 /* LaunchScreen.storyboard in Resources */,
				92EC4BAD1F6B09DE00104451 /* Assets.xcassets in Resources */,
				92EC4BAB1F6B09DE00104451 /* Main.storyboard in Resources */,
			);
			runOnlyForDeploymentPostprocessing = 0;
		};
/* End PBXResourcesBuildPhase section */

/* Begin PBXSourcesBuildPhase section */
		92EC4B991F6B09DD00104451 /* Sources */ = {
			isa = PBXSourcesBuildPhase;
			buildActionMask = 2147483647;
			files = (
				92EC4BA81F6B09DE00104451 /* ViewController.m in Sources */,
				92EC4BA51F6B09DE00104451 /* AppDelegate.m in Sources */,
				92EC4BA21F6B09DE00104451 /* main.m in Sources */,
			);
			runOnlyForDeploymentPostprocessing = 0;
		};
/* End PBXSourcesBuildPhase section */

/* Begin PBXVariantGroup section */
		92EC4BA91F6B09DE00104451 /* Main.storyboard */ = {
			isa = PBXVariantGroup;
			children = (
				92EC4BAA1F6B09DE00104451 /* Base */,
			);
			name = Main.storyboard;
			sourceTree = "<group>";
		};
		92EC4BAE1F6B09DE00104451 /* LaunchScreen.storyboard */ = {
			isa = PBXVariantGroup;
			children = (
				92EC4BAF1F6B09DE00104451 /* Base */,
			);
			name = LaunchScreen.storyboard;
			sourceTree = "<group>";
		};
/* End PBXVariantGroup section */

/* Begin XCBuildConfiguration section */
		92EC4BB21F6B09DE00104451 /* Debug */ = {
			isa = XCBuildConfiguration;
			buildSettings = {
				ALWAYS_SEARCH_USER_PATHS = NO;
				CLANG_ANALYZER_NONNULL = YES;
				CLANG_ANALYZER_NUMBER_OBJECT_CONVERSION = YES_AGGRESSIVE;
				CLANG_CXX_LANGUAGE_STANDARD = "gnu++0x";
				CLANG_CXX_LIBRARY = "libc++";
				CLANG_ENABLE_MODULES = YES;
				CLANG_ENABLE_OBJC_ARC = YES;
				CLANG_WARN_BOOL_CONVERSION = YES;
				CLANG_WARN_CONSTANT_CONVERSION = YES;
				CLANG_WARN_DIRECT_OBJC_ISA_USAGE = YES_ERROR;
				CLANG_WARN_DOCUMENTATION_COMMENTS = YES;
				CLANG_WARN_EMPTY_BODY = YES;
				CLANG_WARN_ENUM_CONVERSION = YES;
				CLANG_WARN_INFINITE_RECURSION = YES;
				CLANG_WARN_INT_CONVERSION = YES;
				CLANG_WARN_OBJC_ROOT_CLASS = YES_ERROR;
				CLANG_WARN_SUSPICIOUS_MOVE = YES;
				CLANG_WARN_UNREACHABLE_CODE = YES;
				CLANG_WARN__DUPLICATE_METHOD_MATCH = YES;
				"CODE_SIGN_IDENTITY[sdk=iphoneos*]" = "iPhone Developer";
				COPY_PHASE_STRIP = NO;
				DEBUG_INFORMATION_FORMAT = dwarf;
				ENABLE_STRICT_OBJC_MSGSEND = YES;
				ENABLE_TESTABILITY = YES;
				GCC_C_LANGUAGE_STANDARD = gnu99;
				GCC_DYNAMIC_NO_PIC = NO;
				GCC_NO_COMMON_BLOCKS = YES;
				GCC_OPTIMIZATION_LEVEL = 0;
				GCC_PREPROCESSOR_DEFINITIONS = (
					"DEBUG=1",
					"$(inherited)",
				);
				GCC_WARN_64_TO_32_BIT_CONVERSION = YES;
				GCC_WARN_ABOUT_RETURN_TYPE = YES_ERROR;
				GCC_WARN_UNDECLARED_SELECTOR = YES;
				GCC_WARN_UNINITIALIZED_AUTOS = YES_AGGRESSIVE;
				GCC_WARN_UNUSED_FUNCTION = YES;
				GCC_WARN_UNUSED_VARIABLE = YES;
				IPHONEOS_DEPLOYMENT_TARGET = 10.3;
				MTL_ENABLE_DEBUG_INFO = YES;
				ONLY_ACTIVE_ARCH = YES;
				SDKROOT = iphoneos;
				TARGETED_DEVICE_FAMILY = 2;
			};
			name = Debug;
		};
		92EC4BB31F6B09DE00104451 /* Release */ = {
			isa = XCBuildConfiguration;
			buildSettings = {
				ALWAYS_SEARCH_USER_PATHS = NO;
				CLANG_ANALYZER_NONNULL = YES;
				CLANG_ANALYZER_NUMBER_OBJECT_CONVERSION = YES_AGGRESSIVE;
				CLANG_CXX_LANGUAGE_STANDARD = "gnu++0x";
				CLANG_CXX_LIBRARY = "libc++";
				CLANG_ENABLE_MODULES = YES;
				CLANG_ENABLE_OBJC_ARC = YES;
				CLANG_WARN_BOOL_CONVERSION = YES;
				CLANG_WARN_CONSTANT_CONVERSION = YES;
				CLANG_WARN_DIRECT_OBJC_ISA_USAGE = YES_ERROR;
				CLANG_WARN_DOCUMENTATION_COMMENTS = YES;
				CLANG_WARN_EMPTY_BODY = YES;
				CLANG_WARN_ENUM_CONVERSION = YES;
				CLANG_WARN_INFINITE_RECURSION = YES;
				CLANG_WARN_INT_CONVERSION = YES;
				CLANG_WARN_OBJC_ROOT_CLASS = YES_ERROR;
				CLANG_WARN_SUSPICIOUS_MOVE = YES;
				CLANG_WARN_UNREACHABLE_CODE = YES;
				CLANG_WARN__DUPLICATE_METHOD_MATCH = YES;
				"CODE_SIGN_IDENTITY[sdk=iphoneos*]" = "iPhone Developer";
				COPY_PHASE_STRIP = NO;
				DEBUG_INFORMATION_FORMAT = "dwarf-with-dsym";
				ENABLE_NS_ASSERTIONS = NO;
				ENABLE_STRICT_OBJC_MSGSEND = YES;
				GCC_C_LANGUAGE_STANDARD = gnu99;
				GCC_NO_COMMON_BLOCKS = YES;
				GCC_WARN_64_TO_32_BIT_CONVERSION = YES;
				GCC_WARN_ABOUT_RETURN_TYPE = YES_ERROR;
				GCC_WARN_UNDECLARED_SELECTOR = YES;
				GCC_WARN_UNINITIALIZED_AUTOS = YES_AGGRESSIVE;
				GCC_WARN_UNUSED_FUNCTION = YES;
				GCC_WARN_UNUSED_VARIABLE = YES;
				IPHONEOS_DEPLOYMENT_TARGET = 10.3;
				MTL_ENABLE_DEBUG_INFO = NO;
				SDKROOT = iphoneos;
				TARGETED_DEVICE_FAMILY = 2;
				VALIDATE_PRODUCT = YES;
			};
			name = Release;
		};
		92EC4BB51F6B09DE00104451 /* Debug */ = {
			isa = XCBuildConfiguration;
			buildSettings = {
				ASSETCATALOG_COMPILER_APPICON_NAME = AppIcon;
				ASSETCATALOG_COMPILER_LAUNCHIMAGE_NAME = LaunchImage;
				INFOPLIST_FILE = TP1/Info.plist;
				LD_RUNPATH_SEARCH_PATHS = "$(inherited) @executable_path/Frameworks";
				PRODUCT_BUNDLE_IDENTIFIER = ETS.TP1;
				PRODUCT_NAME = "$(TARGET_NAME)";
			};
			name = Debug;
		};
		92EC4BB61F6B09DE00104451 /* Release */ = {
			isa = XCBuildConfiguration;
			buildSettings = {
				ASSETCATALOG_COMPILER_APPICON_NAME = AppIcon;
				ASSETCATALOG_COMPILER_LAUNCHIMAGE_NAME = LaunchImage;
				INFOPLIST_FILE = TP1/Info.plist;
				LD_RUNPATH_SEARCH_PATHS = "$(inherited) @executable_path/Frameworks";
				PRODUCT_BUNDLE_IDENTIFIER = ETS.TP1;
				PRODUCT_NAME = "$(TARGET_NAME)";
			};
			name = Release;
		};
/* End XCBuildConfiguration section */

/* Begin XCConfigurationList section */
		92EC4B981F6B09DD00104451 /* Build configuration list for PBXProject "TP1" */ = {
			isa = XCConfigurationList;
			buildConfigurations = (
				92EC4BB21F6B09DE00104451 /* Debug */,
				92EC4BB31F6B09DE00104451 /* Release */,
			);
			defaultConfigurationIsVisible = 0;
			defaultConfigurationName = Release;
		};
		92EC4BB41F6B09DE00104451 /* Build configuration list for PBXNativeTarget "TP1" */ = {
			isa = XCConfigurationList;
			buildConfigurations = (
				92EC4BB51F6B09DE00104451 /* Debug */,
				92EC4BB61F6B09DE00104451 /* Release */,
			);
			defaultConfigurationIsVisible = 0;
			defaultConfigurationName = Release;
		};
/* End XCConfigurationList section */
	};
	rootObject = 92EC4B951F6B09DD00104451 /* Project object */;
}
